
Microsoft Visual Studio Solution File, Format Version 12.00
# Visual Studio Version 17
VisualStudioVersion = 17.7.34024.191
MinimumVisualStudioVersion = 10.0.40219.1
Project("{FAE04EC0-301F-11D3-BF4B-00C04F79EFBC}") = "backend", "backend\backend.csproj", "{C289F0AA-763A-4D69-B848-D07577077679}"
EndProject
Global
	GlobalSection(SolutionConfigurationPlatforms) = preSolution
		Debug|Any CPU = Debug|Any CPU
		Release|Any CPU = Release|Any CPU
	EndGlobalSection
	GlobalSection(ProjectConfigurationPlatforms) = postSolution
		{C289F0AA-763A-4D69-B848-D07577077679}.Debug|Any CPU.ActiveCfg = Debug|Any CPU
		{C289F0AA-763A-4D69-B848-D07577077679}.Debug|Any CPU.Build.0 = Debug|Any CPU
		{C289F0AA-763A-4D69-B848-D07577077679}.Release|Any CPU.ActiveCfg = Release|Any CPU
		{C289F0AA-763A-4D69-B848-D07577077679}.Release|Any CPU.Build.0 = Release|Any CPU
	EndGlobalSection
	GlobalSection(SolutionProperties) = preSolution
		HideSolutionNode = FALSE
	EndGlobalSection
	GlobalSection(ExtensibilityGlobals) = postSolution
		SolutionGuid = {E72CA3E7-0BDF-4424-9039-635C4DFCB416}
	EndGlobalSection
EndGlobal
